
Microsoft Visual Studio Solution File, Format Version 12.00
# Visual Studio Version 17
VisualStudioVersion = 17.12.35527.113
MinimumVisualStudioVersion = 10.0.40219.1
Project("{FAE04EC0-301F-11D3-BF4B-00C04F79EFBC}") = "Caching.Demo.Web", "Caching.Demo.Web\Caching.Demo.Web.csproj", "{BC2F985B-6A63-45AF-B855-877D3BCE8B93}"
EndProject
Project("{2150E333-8FDC-42A3-9474-1A3956D46DE8}") = "Solution Items", "Solution Items", "{E9D0C973-4D06-4C84-B407-C0332E9F1039}"
	ProjectSection(SolutionItems) = preProject
		Commands.txt = Commands.txt
		Directory.Packages.props = Directory.Packages.props
		Notes.md = Notes.md
		README.md = README.md
	EndProjectSection
EndProject
Project("{FAE04EC0-301F-11D3-BF4B-00C04F79EFBC}") = "Caching.Demo.Repository", "Caching.Demo.Repository\Caching.Demo.Repository.csproj", "{7EA75443-3611-4D3B-9033-EF1B9DAC6702}"
EndProject
Project("{FAE04EC0-301F-11D3-BF4B-00C04F79EFBC}") = "Caching.Hybrid.Demo.Aspire.WebAPI", "Caching.Hybrid.Demo.Aspire.WebAPI\Caching.Hybrid.Demo.Aspire.WebAPI.csproj", "{E32FDE61-9632-4415-9FCA-9335ABD8156A}"
EndProject
Project("{FAE04EC0-301F-11D3-BF4B-00C04F79EFBC}") = "Caching.Hybrid.Demo.Aspire.AppHost", "Caching.Hybrid.Demo.Aspire\Caching.Hybrid.Demo.Aspire.AppHost\Caching.Hybrid.Demo.Aspire.AppHost.csproj", "{A06EF4E5-DE76-4FC8-8C40-BE347D3C508C}"
EndProject
Project("{FAE04EC0-301F-11D3-BF4B-00C04F79EFBC}") = "Caching.Hybrid.Demo.Aspire.ServiceDefaults", "Caching.Hybrid.Demo.Aspire\Caching.Hybrid.Demo.Aspire.ServiceDefaults\Caching.Hybrid.Demo.Aspire.ServiceDefaults.csproj", "{8F9A9B1B-C211-AACC-39A0-FA88D6078BC9}"
EndProject
Project("{FAE04EC0-301F-11D3-BF4B-00C04F79EFBC}") = "Caching.Hybrid.Demo.Aspire.API", "Caching.Hybrid.Demo.Aspire.API\Caching.Hybrid.Demo.Aspire.API.csproj", "{07EFC641-CA87-6F25-C66A-71BCBBBF9BE5}"
EndProject
Global
	GlobalSection(SolutionConfigurationPlatforms) = preSolution
		Debug|Any CPU = Debug|Any CPU
		Release|Any CPU = Release|Any CPU
	EndGlobalSection
	GlobalSection(ProjectConfigurationPlatforms) = postSolution
		{BC2F985B-6A63-45AF-B855-877D3BCE8B93}.Debug|Any CPU.ActiveCfg = Debug|Any CPU
		{BC2F985B-6A63-45AF-B855-877D3BCE8B93}.Debug|Any CPU.Build.0 = Debug|Any CPU
		{BC2F985B-6A63-45AF-B855-877D3BCE8B93}.Release|Any CPU.ActiveCfg = Release|Any CPU
		{BC2F985B-6A63-45AF-B855-877D3BCE8B93}.Release|Any CPU.Build.0 = Release|Any CPU
		{7EA75443-3611-4D3B-9033-EF1B9DAC6702}.Debug|Any CPU.ActiveCfg = Debug|Any CPU
		{7EA75443-3611-4D3B-9033-EF1B9DAC6702}.Debug|Any CPU.Build.0 = Debug|Any CPU
		{7EA75443-3611-4D3B-9033-EF1B9DAC6702}.Release|Any CPU.ActiveCfg = Release|Any CPU
		{7EA75443-3611-4D3B-9033-EF1B9DAC6702}.Release|Any CPU.Build.0 = Release|Any CPU
		{E32FDE61-9632-4415-9FCA-9335ABD8156A}.Debug|Any CPU.ActiveCfg = Debug|Any CPU
		{E32FDE61-9632-4415-9FCA-9335ABD8156A}.Debug|Any CPU.Build.0 = Debug|Any CPU
		{E32FDE61-9632-4415-9FCA-9335ABD8156A}.Release|Any CPU.ActiveCfg = Release|Any CPU
		{E32FDE61-9632-4415-9FCA-9335ABD8156A}.Release|Any CPU.Build.0 = Release|Any CPU
		{A06EF4E5-DE76-4FC8-8C40-BE347D3C508C}.Debug|Any CPU.ActiveCfg = Debug|Any CPU
		{A06EF4E5-DE76-4FC8-8C40-BE347D3C508C}.Debug|Any CPU.Build.0 = Debug|Any CPU
		{A06EF4E5-DE76-4FC8-8C40-BE347D3C508C}.Release|Any CPU.ActiveCfg = Release|Any CPU
		{A06EF4E5-DE76-4FC8-8C40-BE347D3C508C}.Release|Any CPU.Build.0 = Release|Any CPU
		{8F9A9B1B-C211-AACC-39A0-FA88D6078BC9}.Debug|Any CPU.ActiveCfg = Debug|Any CPU
		{8F9A9B1B-C211-AACC-39A0-FA88D6078BC9}.Debug|Any CPU.Build.0 = Debug|Any CPU
		{8F9A9B1B-C211-AACC-39A0-FA88D6078BC9}.Release|Any CPU.ActiveCfg = Release|Any CPU
		{8F9A9B1B-C211-AACC-39A0-FA88D6078BC9}.Release|Any CPU.Build.0 = Release|Any CPU
		{07EFC641-CA87-6F25-C66A-71BCBBBF9BE5}.Debug|Any CPU.ActiveCfg = Debug|Any CPU
		{07EFC641-CA87-6F25-C66A-71BCBBBF9BE5}.Debug|Any CPU.Build.0 = Debug|Any CPU
		{07EFC641-CA87-6F25-C66A-71BCBBBF9BE5}.Release|Any CPU.ActiveCfg = Release|Any CPU
		{07EFC641-CA87-6F25-C66A-71BCBBBF9BE5}.Release|Any CPU.Build.0 = Release|Any CPU
	EndGlobalSection
	GlobalSection(SolutionProperties) = preSolution
		HideSolutionNode = FALSE
	EndGlobalSection
	GlobalSection(ExtensibilityGlobals) = postSolution
		SolutionGuid = {5DB2CA07-A8F8-4D8F-88F1-EEA8C42B579C}
	EndGlobalSection
EndGlobal
